
Microsoft Visual Studio Solution File, Format Version 12.00
# Visual Studio Version 17
VisualStudioVersion = 17.4.33213.308
MinimumVisualStudioVersion = 10.0.40219.1
Project("{FAE04EC0-301F-11D3-BF4B-00C04F79EFBC}") = "DIsplayPDF", "DIsplayPDF\DIsplayPDF.csproj", "{0CE7EA73-A6F8-484D-8564-F0C68357CF9E}"
EndProject
Global
	GlobalSection(SolutionConfigurationPlatforms) = preSolution
		Debug|Any CPU = Debug|Any CPU
		Release|Any CPU = Release|Any CPU
	EndGlobalSection
	GlobalSection(ProjectConfigurationPlatforms) = postSolution
		{0CE7EA73-A6F8-484D-8564-F0C68357CF9E}.Debug|Any CPU.ActiveCfg = Debug|Any CPU
		{0CE7EA73-A6F8-484D-8564-F0C68357CF9E}.Debug|Any CPU.Build.0 = Debug|Any CPU
		{0CE7EA73-A6F8-484D-8564-F0C68357CF9E}.Release|Any CPU.ActiveCfg = Release|Any CPU
		{0CE7EA73-A6F8-484D-8564-F0C68357CF9E}.Release|Any CPU.Build.0 = Release|Any CPU
	EndGlobalSection
	GlobalSection(SolutionProperties) = preSolution
		HideSolutionNode = FALSE
	EndGlobalSection
	GlobalSection(ExtensibilityGlobals) = postSolution
		SolutionGuid = {9281D188-A210-4801-8617-784DC6C7444D}
	EndGlobalSection
EndGlobal
